
Microsoft Visual Studio Solution File, Format Version 12.00
# Visual Studio Version 16
VisualStudioVersion = 16.0.32126.315
MinimumVisualStudioVersion = 10.0.40219.1
Project("{FAE04EC0-301F-11D3-BF4B-00C04F79EFBC}") = "LastDance", "LastDance\LastDance.csproj", "{D95D0313-F4E8-42A5-BEEA-D9599CC9174D}"
EndProject
Global
	GlobalSection(SolutionConfigurationPlatforms) = preSolution
		Debug|Any CPU = Debug|Any CPU
		Release|Any CPU = Release|Any CPU
	EndGlobalSection
	GlobalSection(ProjectConfigurationPlatforms) = postSolution
		{D95D0313-F4E8-42A5-BEEA-D9599CC9174D}.Debug|Any CPU.ActiveCfg = Debug|Any CPU
		{D95D0313-F4E8-42A5-BEEA-D9599CC9174D}.Debug|Any CPU.Build.0 = Debug|Any CPU
		{D95D0313-F4E8-42A5-BEEA-D9599CC9174D}.Release|Any CPU.ActiveCfg = Release|Any CPU
		{D95D0313-F4E8-42A5-BEEA-D9599CC9174D}.Release|Any CPU.Build.0 = Release|Any CPU
	EndGlobalSection
	GlobalSection(SolutionProperties) = preSolution
		HideSolutionNode = FALSE
	EndGlobalSection
	GlobalSection(ExtensibilityGlobals) = postSolution
		SolutionGuid = {C25F240B-4FF3-4EB5-AB0E-CD35CF2B4BAA}
	EndGlobalSection
EndGlobal
